
Microsoft Visual Studio Solution File, Format Version 12.00
# Visual Studio Version 17
VisualStudioVersion = 17.9.34607.119
MinimumVisualStudioVersion = 10.0.40219.1
Project("{FAE04EC0-301F-11D3-BF4B-00C04F79EFBC}") = "NZWalks.API", "NZWalks.API\NZWalks.API.csproj", "{71A14D24-D377-4DCB-9E54-8D43E3A32916}"
EndProject
Global
	GlobalSection(SolutionConfigurationPlatforms) = preSolution
		Debug|Any CPU = Debug|Any CPU
		Release|Any CPU = Release|Any CPU
	EndGlobalSection
	GlobalSection(ProjectConfigurationPlatforms) = postSolution
		{71A14D24-D377-4DCB-9E54-8D43E3A32916}.Debug|Any CPU.ActiveCfg = Debug|Any CPU
		{71A14D24-D377-4DCB-9E54-8D43E3A32916}.Debug|Any CPU.Build.0 = Debug|Any CPU
		{71A14D24-D377-4DCB-9E54-8D43E3A32916}.Release|Any CPU.ActiveCfg = Release|Any CPU
		{71A14D24-D377-4DCB-9E54-8D43E3A32916}.Release|Any CPU.Build.0 = Release|Any CPU
	EndGlobalSection
	GlobalSection(SolutionProperties) = preSolution
		HideSolutionNode = FALSE
	EndGlobalSection
	GlobalSection(ExtensibilityGlobals) = postSolution
		SolutionGuid = {27F8AB61-8399-4980-9B08-96E4C5876FFD}
	EndGlobalSection
EndGlobal
